// !$*UTF8*$!
{
	archiveVersion = 1;
	classes = {
	};
	objectVersion = 50;
	objects = {

/* Begin PBXBuildFile section */
		635BEB6C25A340A400F09FF0 /* TableViewHeader.swift in Sources */ = {isa = PBXBuildFile; fileRef = 635BEB6A25A340A400F09FF0 /* TableViewHeader.swift */; };
		635BEB6D25A340A400F09FF0 /* TableViewHeader.xib in Resources */ = {isa = PBXBuildFile; fileRef = 635BEB6B25A340A400F09FF0 /* TableViewHeader.xib */; };
		63935CB82597533B007D87DB /* AppDelegate.swift in Sources */ = {isa = PBXBuildFile; fileRef = 63935CB72597533B007D87DB /* AppDelegate.swift */; };
		63935CBA2597533B007D87DB /* SceneDelegate.swift in Sources */ = {isa = PBXBuildFile; fileRef = 63935CB92597533B007D87DB /* SceneDelegate.swift */; };
		63935CBC2597533B007D87DB /* ViewController.swift in Sources */ = {isa = PBXBuildFile; fileRef = 63935CBB2597533B007D87DB /* ViewController.swift */; };
		63935CBF2597533B007D87DB /* Main.storyboard in Resources */ = {isa = PBXBuildFile; fileRef = 63935CBD2597533B007D87DB /* Main.storyboard */; };
		63935CC42597533C007D87DB /* LaunchScreen.storyboard in Resources */ = {isa = PBXBuildFile; fileRef = 63935CC22597533C007D87DB /* LaunchScreen.storyboard */; };
		63935CCF2597533C007D87DB /* BeerAppTests.swift in Sources */ = {isa = PBXBuildFile; fileRef = 63935CCE2597533C007D87DB /* BeerAppTests.swift */; };
		63935CDA2597533C007D87DB /* BeerAppUITests.swift in Sources */ = {isa = PBXBuildFile; fileRef = 63935CD92597533C007D87DB /* BeerAppUITests.swift */; };
		63935D6825976DAA007D87DB /* TableSectionHeader.xib in Resources */ = {isa = PBXBuildFile; fileRef = 63935D6725976DAA007D87DB /* TableSectionHeader.xib */; };
		63935D6D25987F15007D87DB /* BeerViewController.swift in Sources */ = {isa = PBXBuildFile; fileRef = 63935D6C25987F15007D87DB /* BeerViewController.swift */; };
		63935D73259880D8007D87DB /* Beer.swift in Sources */ = {isa = PBXBuildFile; fileRef = 63935D72259880D8007D87DB /* Beer.swift */; };
		63935D782598959F007D87DB /* Producer.swift in Sources */ = {isa = PBXBuildFile; fileRef = 63935D772598959F007D87DB /* Producer.swift */; };
		63935D7D2598A320007D87DB /* Model.swift in Sources */ = {isa = PBXBuildFile; fileRef = 63935D7C2598A320007D87DB /* Model.swift */; };
		63935D832599F42A007D87DB /* RGBiOSUtilities.swift in Sources */ = {isa = PBXBuildFile; fileRef = 63935D822599F42A007D87DB /* RGBiOSUtilities.swift */; };
		63935D882599F466007D87DB /* RGBiOSUtilitiesBundle.swift in Sources */ = {isa = PBXBuildFile; fileRef = 63935D872599F466007D87DB /* RGBiOSUtilitiesBundle.swift */; };
		63935D8D2599F4A8007D87DB /* RGBiOSUtilitiesSandbox.swift in Sources */ = {isa = PBXBuildFile; fileRef = 63935D8C2599F4A8007D87DB /* RGBiOSUtilitiesSandbox.swift */; };
		63935D922599FE6B007D87DB /* ProducerViewController.swift in Sources */ = {isa = PBXBuildFile; fileRef = 63935D912599FE6B007D87DB /* ProducerViewController.swift */; };
		63935D97259B5297007D87DB /* RowCell.swift in Sources */ = {isa = PBXBuildFile; fileRef = 63935D96259B5297007D87DB /* RowCell.swift */; };
		63935D9C259B5381007D87DB /* TableSectionHeader.swift in Sources */ = {isa = PBXBuildFile; fileRef = 63935D9B259B5381007D87DB /* TableSectionHeader.swift */; };
		63935DB2259B6A0D007D87DB /* def.jpg in Resources */ = {isa = PBXBuildFile; fileRef = 63935DB1259B6A0D007D87DB /* def.jpg */; };
		63935DE9259CB3D5007D87DB /* defaultPic.png in Resources */ = {isa = PBXBuildFile; fileRef = 63935DE8259CB3D5007D87DB /* defaultPic.png */; };
		63935E11259EF091007D87DB /* MyCustomCell.swift in Sources */ = {isa = PBXBuildFile; fileRef = 63935E10259EF091007D87DB /* MyCustomCell.swift */; };
		63935E17259EFD78007D87DB /* TableViewCell.swift in Sources */ = {isa = PBXBuildFile; fileRef = 63935E15259EFD78007D87DB /* TableViewCell.swift */; };
		63935E18259EFD78007D87DB /* TableViewCell.xib in Resources */ = {isa = PBXBuildFile; fileRef = 63935E16259EFD78007D87DB /* TableViewCell.xib */; };
		A343DE8F25A3881700D2B2A0 /* Assets.xcassets in Resources */ = {isa = PBXBuildFile; fileRef = A343DE8E25A3881700D2B2A0 /* Assets.xcassets */; };
/* End PBXBuildFile section */

/* Begin PBXContainerItemProxy section */
		63935CCB2597533C007D87DB /* PBXContainerItemProxy */ = {
			isa = PBXContainerItemProxy;
			containerPortal = 63935CAC2597533B007D87DB /* Project object */;
			proxyType = 1;
			remoteGlobalIDString = 63935CB32597533B007D87DB;
			remoteInfo = BeerApp;
		};
		63935CD62597533C007D87DB /* PBXContainerItemProxy */ = {
			isa = PBXContainerItemProxy;
			containerPortal = 63935CAC2597533B007D87DB /* Project object */;
			proxyType = 1;
			remoteGlobalIDString = 63935CB32597533B007D87DB;
			remoteInfo = BeerApp;
		};
/* End PBXContainerItemProxy section */

/* Begin PBXFileReference section */
		635BEB6A25A340A400F09FF0 /* TableViewHeader.swift */ = {isa = PBXFileReference; lastKnownFileType = sourcecode.swift; path = TableViewHeader.swift; sourceTree = "<group>"; };
		635BEB6B25A340A400F09FF0 /* TableViewHeader.xib */ = {isa = PBXFileReference; lastKnownFileType = file.xib; path = TableViewHeader.xib; sourceTree = "<group>"; };
		63935CB42597533B007D87DB /* BeerApp.app */ = {isa = PBXFileReference; explicitFileType = wrapper.application; includeInIndex = 0; path = BeerApp.app; sourceTree = BUILT_PRODUCTS_DIR; };
		63935CB72597533B007D87DB /* AppDelegate.swift */ = {isa = PBXFileReference; lastKnownFileType = sourcecode.swift; path = AppDelegate.swift; sourceTree = "<group>"; };
		63935CB92597533B007D87DB /* SceneDelegate.swift */ = {isa = PBXFileReference; lastKnownFileType = sourcecode.swift; path = SceneDelegate.swift; sourceTree = "<group>"; };
		63935CBB2597533B007D87DB /* ViewController.swift */ = {isa = PBXFileReference; lastKnownFileType = sourcecode.swift; path = ViewController.swift; sourceTree = "<group>"; };
		63935CBE2597533B007D87DB /* Base */ = {isa = PBXFileReference; lastKnownFileType = file.storyboard; name = Base; path = Base.lproj/Main.storyboard; sourceTree = "<group>"; };
		63935CC32597533C007D87DB /* Base */ = {isa = PBXFileReference; lastKnownFileType = file.storyboard; name = Base; path = Base.lproj/LaunchScreen.storyboard; sourceTree = "<group>"; };
		63935CC52597533C007D87DB /* Info.plist */ = {isa = PBXFileReference; lastKnownFileType = text.plist.xml; path = Info.plist; sourceTree = "<group>"; };
		63935CCA2597533C007D87DB /* BeerAppTests.xctest */ = {isa = PBXFileReference; explicitFileType = wrapper.cfbundle; includeInIndex = 0; path = BeerAppTests.xctest; sourceTree = BUILT_PRODUCTS_DIR; };
		63935CCE2597533C007D87DB /* BeerAppTests.swift */ = {isa = PBXFileReference; lastKnownFileType = sourcecode.swift; path = BeerAppTests.swift; sourceTree = "<group>"; };
		63935CD02597533C007D87DB /* Info.plist */ = {isa = PBXFileReference; lastKnownFileType = text.plist.xml; path = Info.plist; sourceTree = "<group>"; };
		63935CD52597533C007D87DB /* BeerAppUITests.xctest */ = {isa = PBXFileReference; explicitFileType = wrapper.cfbundle; includeInIndex = 0; path = BeerAppUITests.xctest; sourceTree = BUILT_PRODUCTS_DIR; };
		63935CD92597533C007D87DB /* BeerAppUITests.swift */ = {isa = PBXFileReference; lastKnownFileType = sourcecode.swift; path = BeerAppUITests.swift; sourceTree = "<group>"; };
		63935CDB2597533C007D87DB /* Info.plist */ = {isa = PBXFileReference; lastKnownFileType = text.plist.xml; path = Info.plist; sourceTree = "<group>"; };
		63935D6725976DAA007D87DB /* TableSectionHeader.xib */ = {isa = PBXFileReference; lastKnownFileType = file.xib; path = TableSectionHeader.xib; sourceTree = "<group>"; };
		63935D6C25987F15007D87DB /* BeerViewController.swift */ = {isa = PBXFileReference; lastKnownFileType = sourcecode.swift; path = BeerViewController.swift; sourceTree = "<group>"; };
		63935D72259880D8007D87DB /* Beer.swift */ = {isa = PBXFileReference; lastKnownFileType = sourcecode.swift; path = Beer.swift; sourceTree = "<group>"; };
		63935D772598959F007D87DB /* Producer.swift */ = {isa = PBXFileReference; lastKnownFileType = sourcecode.swift; path = Producer.swift; sourceTree = "<group>"; };
		63935D7C2598A320007D87DB /* Model.swift */ = {isa = PBXFileReference; lastKnownFileType = sourcecode.swift; path = Model.swift; sourceTree = "<group>"; };
		63935D822599F42A007D87DB /* RGBiOSUtilities.swift */ = {isa = PBXFileReference; lastKnownFileType = sourcecode.swift; path = RGBiOSUtilities.swift; sourceTree = "<group>"; };
		63935D872599F466007D87DB /* RGBiOSUtilitiesBundle.swift */ = {isa = PBXFileReference; lastKnownFileType = sourcecode.swift; path = RGBiOSUtilitiesBundle.swift; sourceTree = "<group>"; };
		63935D8C2599F4A8007D87DB /* RGBiOSUtilitiesSandbox.swift */ = {isa = PBXFileReference; lastKnownFileType = sourcecode.swift; path = RGBiOSUtilitiesSandbox.swift; sourceTree = "<group>"; };
		63935D912599FE6B007D87DB /* ProducerViewController.swift */ = {isa = PBXFileReference; lastKnownFileType = sourcecode.swift; path = ProducerViewController.swift; sourceTree = "<group>"; };
		63935D96259B5297007D87DB /* RowCell.swift */ = {isa = PBXFileReference; lastKnownFileType = sourcecode.swift; path = RowCell.swift; sourceTree = "<group>"; };
		63935D9B259B5381007D87DB /* TableSectionHeader.swift */ = {isa = PBXFileReference; lastKnownFileType = sourcecode.swift; path = TableSectionHeader.swift; sourceTree = "<group>"; };
		63935DB1259B6A0D007D87DB /* def.jpg */ = {isa = PBXFileReference; lastKnownFileType = image.jpeg; path = def.jpg; sourceTree = "<group>"; };
		63935DE8259CB3D5007D87DB /* defaultPic.png */ = {isa = PBXFileReference; lastKnownFileType = image.png; path = defaultPic.png; sourceTree = "<group>"; };
		63935E10259EF091007D87DB /* MyCustomCell.swift */ = {isa = PBXFileReference; lastKnownFileType = sourcecode.swift; path = MyCustomCell.swift; sourceTree = "<group>"; };
		63935E15259EFD78007D87DB /* TableViewCell.swift */ = {isa = PBXFileReference; lastKnownFileType = sourcecode.swift; path = TableViewCell.swift; sourceTree = "<group>"; };
		63935E16259EFD78007D87DB /* TableViewCell.xib */ = {isa = PBXFileReference; lastKnownFileType = file.xib; path = TableViewCell.xib; sourceTree = "<group>"; };
		A343DE8E25A3881700D2B2A0 /* Assets.xcassets */ = {isa = PBXFileReference; lastKnownFileType = folder.assetcatalog; path = Assets.xcassets; sourceTree = "<group>"; };
/* End PBXFileReference section */

/* Begin PBXFrameworksBuildPhase section */
		63935CB12597533B007D87DB /* Frameworks */ = {
			isa = PBXFrameworksBuildPhase;
			buildActionMask = 2147483647;
			files = (
			);
			runOnlyForDeploymentPostprocessing = 0;
		};
		63935CC72597533C007D87DB /* Frameworks */ = {
			isa = PBXFrameworksBuildPhase;
			buildActionMask = 2147483647;
			files = (
			);
			runOnlyForDeploymentPostprocessing = 0;
		};
		63935CD22597533C007D87DB /* Frameworks */ = {
			isa = PBXFrameworksBuildPhase;
			buildActionMask = 2147483647;
			files = (
			);
			runOnlyForDeploymentPostprocessing = 0;
		};
/* End PBXFrameworksBuildPhase section */

/* Begin PBXGroup section */
		63935CAB2597533B007D87DB = {
			isa = PBXGroup;
			children = (
				63935DA3259B60C6007D87DB /* Supporting Files */,
				63935D812599F3B4007D87DB /* RGB */,
				63935D71259880BC007D87DB /* Data */,
				63935D6325976CA3007D87DB /* Controllers */,
				63935CB62597533B007D87DB /* BeerApp */,
				63935CCD2597533C007D87DB /* BeerAppTests */,
				63935CD82597533C007D87DB /* BeerAppUITests */,
				63935CB52597533B007D87DB /* Products */,
			);
			sourceTree = "<group>";
		};
		63935CB52597533B007D87DB /* Products */ = {
			isa = PBXGroup;
			children = (
				63935CB42597533B007D87DB /* BeerApp.app */,
				63935CCA2597533C007D87DB /* BeerAppTests.xctest */,
				63935CD52597533C007D87DB /* BeerAppUITests.xctest */,
			);
			name = Products;
			sourceTree = "<group>";
		};
		63935CB62597533B007D87DB /* BeerApp */ = {
			isa = PBXGroup;
			children = (
				A343DE8E25A3881700D2B2A0 /* Assets.xcassets */,
				63935CBD2597533B007D87DB /* Main.storyboard */,
				63935CB92597533B007D87DB /* SceneDelegate.swift */,
				63935CC22597533C007D87DB /* LaunchScreen.storyboard */,
				63935CC52597533C007D87DB /* Info.plist */,
				63935D6725976DAA007D87DB /* TableSectionHeader.xib */,
			);
			path = BeerApp;
			sourceTree = "<group>";
		};
		63935CCD2597533C007D87DB /* BeerAppTests */ = {
			isa = PBXGroup;
			children = (
				63935CCE2597533C007D87DB /* BeerAppTests.swift */,
				63935CD02597533C007D87DB /* Info.plist */,
			);
			path = BeerAppTests;
			sourceTree = "<group>";
		};
		63935CD82597533C007D87DB /* BeerAppUITests */ = {
			isa = PBXGroup;
			children = (
				63935CD92597533C007D87DB /* BeerAppUITests.swift */,
				63935CDB2597533C007D87DB /* Info.plist */,
			);
			path = BeerAppUITests;
			sourceTree = "<group>";
		};
		63935D6325976CA3007D87DB /* Controllers */ = {
			isa = PBXGroup;
			children = (
				63935CB72597533B007D87DB /* AppDelegate.swift */,
				63935CBB2597533B007D87DB /* ViewController.swift */,
				63935D96259B5297007D87DB /* RowCell.swift */,
				63935D912599FE6B007D87DB /* ProducerViewController.swift */,
				63935D6C25987F15007D87DB /* BeerViewController.swift */,
				63935D9B259B5381007D87DB /* TableSectionHeader.swift */,
				63935E10259EF091007D87DB /* MyCustomCell.swift */,
				63935E15259EFD78007D87DB /* TableViewCell.swift */,
				63935E16259EFD78007D87DB /* TableViewCell.xib */,
				635BEB6A25A340A400F09FF0 /* TableViewHeader.swift */,
				635BEB6B25A340A400F09FF0 /* TableViewHeader.xib */,
			);
			path = Controllers;
			sourceTree = "<group>";
		};
		63935D71259880BC007D87DB /* Data */ = {
			isa = PBXGroup;
			children = (
				63935D72259880D8007D87DB /* Beer.swift */,
				63935D772598959F007D87DB /* Producer.swift */,
				63935D7C2598A320007D87DB /* Model.swift */,
			);
			path = Data;
			sourceTree = "<group>";
		};
		63935D812599F3B4007D87DB /* RGB */ = {
			isa = PBXGroup;
			children = (
				63935D822599F42A007D87DB /* RGBiOSUtilities.swift */,
				63935D872599F466007D87DB /* RGBiOSUtilitiesBundle.swift */,
				63935D8C2599F4A8007D87DB /* RGBiOSUtilitiesSandbox.swift */,
			);
			path = RGB;
			sourceTree = "<group>";
		};
		63935DA3259B60C6007D87DB /* Supporting Files */ = {
			isa = PBXGroup;
			children = (
				63935DA5259B60F1007D87DB /* beerApp-data */,
				63935DA4259B60D6007D87DB /* beerApp-fotos */,
			);
			path = "Supporting Files";
			sourceTree = "<group>";
		};
		63935DA4259B60D6007D87DB /* beerApp-fotos */ = {
			isa = PBXGroup;
			children = (
				63935DE8259CB3D5007D87DB /* defaultPic.png */,
				63935DB1259B6A0D007D87DB /* def.jpg */,
			);
			path = "beerApp-fotos";
			sourceTree = "<group>";
		};
		63935DA5259B60F1007D87DB /* beerApp-data */ = {
			isa = PBXGroup;
			children = (
			);
			path = "beerApp-data";
			sourceTree = "<group>";
		};
/* End PBXGroup section */

/* Begin PBXNativeTarget section */
		63935CB32597533B007D87DB /* BeerApp */ = {
			isa = PBXNativeTarget;
			buildConfigurationList = 63935CDE2597533C007D87DB /* Build configuration list for PBXNativeTarget "BeerApp" */;
			buildPhases = (
				63935CB02597533B007D87DB /* Sources */,
				63935CB12597533B007D87DB /* Frameworks */,
				63935CB22597533B007D87DB /* Resources */,
			);
			buildRules = (
			);
			dependencies = (
			);
			name = BeerApp;
			productName = BeerApp;
			productReference = 63935CB42597533B007D87DB /* BeerApp.app */;
			productType = "com.apple.product-type.application";
		};
		63935CC92597533C007D87DB /* BeerAppTests */ = {
			isa = PBXNativeTarget;
			buildConfigurationList = 63935CE12597533C007D87DB /* Build configuration list for PBXNativeTarget "BeerAppTests" */;
			buildPhases = (
				63935CC62597533C007D87DB /* Sources */,
				63935CC72597533C007D87DB /* Frameworks */,
				63935CC82597533C007D87DB /* Resources */,
			);
			buildRules = (
			);
			dependencies = (
				63935CCC2597533C007D87DB /* PBXTargetDependency */,
			);
			name = BeerAppTests;
			productName = BeerAppTests;
			productReference = 63935CCA2597533C007D87DB /* BeerAppTests.xctest */;
			productType = "com.apple.product-type.bundle.unit-test";
		};
		63935CD42597533C007D87DB /* BeerAppUITests */ = {
			isa = PBXNativeTarget;
			buildConfigurationList = 63935CE42597533C007D87DB /* Build configuration list for PBXNativeTarget "BeerAppUITests" */;
			buildPhases = (
				63935CD12597533C007D87DB /* Sources */,
				63935CD22597533C007D87DB /* Frameworks */,
				63935CD32597533C007D87DB /* Resources */,
			);
			buildRules = (
			);
			dependencies = (
				63935CD72597533C007D87DB /* PBXTargetDependency */,
			);
			name = BeerAppUITests;
			productName = BeerAppUITests;
			productReference = 63935CD52597533C007D87DB /* BeerAppUITests.xctest */;
			productType = "com.apple.product-type.bundle.ui-testing";
		};
/* End PBXNativeTarget section */

/* Begin PBXProject section */
		63935CAC2597533B007D87DB /* Project object */ = {
			isa = PBXProject;
			attributes = {
				LastSwiftUpdateCheck = 1220;
				LastUpgradeCheck = 1220;
				TargetAttributes = {
					63935CB32597533B007D87DB = {
						CreatedOnToolsVersion = 12.2;
					};
					63935CC92597533C007D87DB = {
						CreatedOnToolsVersion = 12.2;
						TestTargetID = 63935CB32597533B007D87DB;
					};
					63935CD42597533C007D87DB = {
						CreatedOnToolsVersion = 12.2;
						TestTargetID = 63935CB32597533B007D87DB;
					};
				};
			};
			buildConfigurationList = 63935CAF2597533B007D87DB /* Build configuration list for PBXProject "BeerApp" */;
			compatibilityVersion = "Xcode 9.3";
			developmentRegion = en;
			hasScannedForEncodings = 0;
			knownRegions = (
				en,
				Base,
			);
			mainGroup = 63935CAB2597533B007D87DB;
			productRefGroup = 63935CB52597533B007D87DB /* Products */;
			projectDirPath = "";
			projectRoot = "";
			targets = (
				63935CB32597533B007D87DB /* BeerApp */,
				63935CC92597533C007D87DB /* BeerAppTests */,
				63935CD42597533C007D87DB /* BeerAppUITests */,
			);
		};
/* End PBXProject section */

/* Begin PBXResourcesBuildPhase section */
		63935CB22597533B007D87DB /* Resources */ = {
			isa = PBXResourcesBuildPhase;
			buildActionMask = 2147483647;
			files = (
				63935D6825976DAA007D87DB /* TableSectionHeader.xib in Resources */,
				63935DE9259CB3D5007D87DB /* defaultPic.png in Resources */,
				63935CC42597533C007D87DB /* LaunchScreen.storyboard in Resources */,
				635BEB6D25A340A400F09FF0 /* TableViewHeader.xib in Resources */,
				63935E18259EFD78007D87DB /* TableViewCell.xib in Resources */,
				63935DB2259B6A0D007D87DB /* def.jpg in Resources */,
				A343DE8F25A3881700D2B2A0 /* Assets.xcassets in Resources */,
				63935CBF2597533B007D87DB /* Main.storyboard in Resources */,
			);
			runOnlyForDeploymentPostprocessing = 0;
		};
		63935CC82597533C007D87DB /* Resources */ = {
			isa = PBXResourcesBuildPhase;
			buildActionMask = 2147483647;
			files = (
			);
			runOnlyForDeploymentPostprocessing = 0;
		};
		63935CD32597533C007D87DB /* Resources */ = {
			isa = PBXResourcesBuildPhase;
			buildActionMask = 2147483647;
			files = (
			);
			runOnlyForDeploymentPostprocessing = 0;
		};
/* End PBXResourcesBuildPhase section */

/* Begin PBXSourcesBuildPhase section */
		63935CB02597533B007D87DB /* Sources */ = {
			isa = PBXSourcesBuildPhase;
			buildActionMask = 2147483647;
			files = (
				63935E17259EFD78007D87DB /* TableViewCell.swift in Sources */,
				63935D7D2598A320007D87DB /* Model.swift in Sources */,
				63935D9C259B5381007D87DB /* TableSectionHeader.swift in Sources */,
				63935D6D25987F15007D87DB /* BeerViewController.swift in Sources */,
				63935D832599F42A007D87DB /* RGBiOSUtilities.swift in Sources */,
				63935CBC2597533B007D87DB /* ViewController.swift in Sources */,
				63935D8D2599F4A8007D87DB /* RGBiOSUtilitiesSandbox.swift in Sources */,
				63935D73259880D8007D87DB /* Beer.swift in Sources */,
				63935D782598959F007D87DB /* Producer.swift in Sources */,
				63935D882599F466007D87DB /* RGBiOSUtilitiesBundle.swift in Sources */,
				63935D97259B5297007D87DB /* RowCell.swift in Sources */,
				63935E11259EF091007D87DB /* MyCustomCell.swift in Sources */,
				635BEB6C25A340A400F09FF0 /* TableViewHeader.swift in Sources */,
				63935D922599FE6B007D87DB /* ProducerViewController.swift in Sources */,
				63935CB82597533B007D87DB /* AppDelegate.swift in Sources */,
				63935CBA2597533B007D87DB /* SceneDelegate.swift in Sources */,
			);
			runOnlyForDeploymentPostprocessing = 0;
		};
		63935CC62597533C007D87DB /* Sources */ = {
			isa = PBXSourcesBuildPhase;
			buildActionMask = 2147483647;
			files = (
				63935CCF2597533C007D87DB /* BeerAppTests.swift in Sources */,
			);
			runOnlyForDeploymentPostprocessing = 0;
		};
		63935CD12597533C007D87DB /* Sources */ = {
			isa = PBXSourcesBuildPhase;
			buildActionMask = 2147483647;
			files = (
				63935CDA2597533C007D87DB /* BeerAppUITests.swift in Sources */,
			);
			runOnlyForDeploymentPostprocessing = 0;
		};
/* End PBXSourcesBuildPhase section */

/* Begin PBXTargetDependency section */
		63935CCC2597533C007D87DB /* PBXTargetDependency */ = {
			isa = PBXTargetDependency;
			target = 63935CB32597533B007D87DB /* BeerApp */;
			targetProxy = 63935CCB2597533C007D87DB /* PBXContainerItemProxy */;
		};
		63935CD72597533C007D87DB /* PBXTargetDependency */ = {
			isa = PBXTargetDependency;
			target = 63935CB32597533B007D87DB /* BeerApp */;
			targetProxy = 63935CD62597533C007D87DB /* PBXContainerItemProxy */;
		};
/* End PBXTargetDependency section */

/* Begin PBXVariantGroup section */
		63935CBD2597533B007D87DB /* Main.storyboard */ = {
			isa = PBXVariantGroup;
			children = (
				63935CBE2597533B007D87DB /* Base */,
			);
			name = Main.storyboard;
			sourceTree = "<group>";
		};
		63935CC22597533C007D87DB /* LaunchScreen.storyboard */ = {
			isa = PBXVariantGroup;
			children = (
				63935CC32597533C007D87DB /* Base */,
			);
			name = LaunchScreen.storyboard;
			sourceTree = "<group>";
		};
/* End PBXVariantGroup section */

/* Begin XCBuildConfiguration section */
		63935CDC2597533C007D87DB /* Debug */ = {
			isa = XCBuildConfiguration;
			buildSettings = {
				ALWAYS_SEARCH_USER_PATHS = NO;
				ASSETCATALOG_COMPILER_GLOBAL_ACCENT_COLOR_NAME = Universal;
				CLANG_ANALYZER_NONNULL = YES;
				CLANG_ANALYZER_NUMBER_OBJECT_CONVERSION = YES_AGGRESSIVE;
				CLANG_CXX_LANGUAGE_STANDARD = "gnu++14";
				CLANG_CXX_LIBRARY = "libc++";
				CLANG_ENABLE_MODULES = YES;
				CLANG_ENABLE_OBJC_ARC = YES;
				CLANG_ENABLE_OBJC_WEAK = YES;
				CLANG_WARN_BLOCK_CAPTURE_AUTORELEASING = YES;
				CLANG_WARN_BOOL_CONVERSION = YES;
				CLANG_WARN_COMMA = YES;
				CLANG_WARN_CONSTANT_CONVERSION = YES;
				CLANG_WARN_DEPRECATED_OBJC_IMPLEMENTATIONS = YES;
				CLANG_WARN_DIRECT_OBJC_ISA_USAGE = YES_ERROR;
				CLANG_WARN_DOCUMENTATION_COMMENTS = YES;
				CLANG_WARN_EMPTY_BODY = YES;
				CLANG_WARN_ENUM_CONVERSION = YES;
				CLANG_WARN_INFINITE_RECURSION = YES;
				CLANG_WARN_INT_CONVERSION = YES;
				CLANG_WARN_NON_LITERAL_NULL_CONVERSION = YES;
				CLANG_WARN_OBJC_IMPLICIT_RETAIN_SELF = YES;
				CLANG_WARN_OBJC_LITERAL_CONVERSION = YES;
				CLANG_WARN_OBJC_ROOT_CLASS = YES_ERROR;
				CLANG_WARN_QUOTED_INCLUDE_IN_FRAMEWORK_HEADER = YES;
				CLANG_WARN_RANGE_LOOP_ANALYSIS = YES;
				CLANG_WARN_STRICT_PROTOTYPES = YES;
				CLANG_WARN_SUSPICIOUS_MOVE = YES;
				CLANG_WARN_UNGUARDED_AVAILABILITY = YES_AGGRESSIVE;
				CLANG_WARN_UNREACHABLE_CODE = YES;
				CLANG_WARN__DUPLICATE_METHOD_MATCH = YES;
				COPY_PHASE_STRIP = NO;
				DEBUG_INFORMATION_FORMAT = dwarf;
				ENABLE_STRICT_OBJC_MSGSEND = YES;
				ENABLE_TESTABILITY = YES;
				GCC_C_LANGUAGE_STANDARD = gnu11;
				GCC_DYNAMIC_NO_PIC = NO;
				GCC_NO_COMMON_BLOCKS = YES;
				GCC_OPTIMIZATION_LEVEL = 0;
				GCC_PREPROCESSOR_DEFINITIONS = (
					"DEBUG=1",
					"$(inherited)",
				);
				GCC_WARN_64_TO_32_BIT_CONVERSION = YES;
				GCC_WARN_ABOUT_RETURN_TYPE = YES_ERROR;
				GCC_WARN_UNDECLARED_SELECTOR = YES;
				GCC_WARN_UNINITIALIZED_AUTOS = YES_AGGRESSIVE;
				GCC_WARN_UNUSED_FUNCTION = YES;
				GCC_WARN_UNUSED_VARIABLE = YES;
				IPHONEOS_DEPLOYMENT_TARGET = 14.2;
				MTL_ENABLE_DEBUG_INFO = INCLUDE_SOURCE;
				MTL_FAST_MATH = YES;
				ONLY_ACTIVE_ARCH = YES;
				SDKROOT = iphoneos;
				SWIFT_ACTIVE_COMPILATION_CONDITIONS = DEBUG;
				SWIFT_OPTIMIZATION_LEVEL = "-Onone";
			};
			name = Debug;
		};
		63935CDD2597533C007D87DB /* Release */ = {
			isa = XCBuildConfiguration;
			buildSettings = {
				ALWAYS_SEARCH_USER_PATHS = NO;
				ASSETCATALOG_COMPILER_GLOBAL_ACCENT_COLOR_NAME = Universal;
				CLANG_ANALYZER_NONNULL = YES;
				CLANG_ANALYZER_NUMBER_OBJECT_CONVERSION = YES_AGGRESSIVE;
				CLANG_CXX_LANGUAGE_STANDARD = "gnu++14";
				CLANG_CXX_LIBRARY = "libc++";
				CLANG_ENABLE_MODULES = YES;
				CLANG_ENABLE_OBJC_ARC = YES;
				CLANG_ENABLE_OBJC_WEAK = YES;
				CLANG_WARN_BLOCK_CAPTURE_AUTORELEASING = YES;
				CLANG_WARN_BOOL_CONVERSION = YES;
				CLANG_WARN_COMMA = YES;
				CLANG_WARN_CONSTANT_CONVERSION = YES;
				CLANG_WARN_DEPRECATED_OBJC_IMPLEMENTATIONS = YES;
				CLANG_WARN_DIRECT_OBJC_ISA_USAGE = YES_ERROR;
				CLANG_WARN_DOCUMENTATION_COMMENTS = YES;
				CLANG_WARN_EMPTY_BODY = YES;
				CLANG_WARN_ENUM_CONVERSION = YES;
				CLANG_WARN_INFINITE_RECURSION = YES;
				CLANG_WARN_INT_CONVERSION = YES;
				CLANG_WARN_NON_LITERAL_NULL_CONVERSION = YES;
				CLANG_WARN_OBJC_IMPLICIT_RETAIN_SELF = YES;
				CLANG_WARN_OBJC_LITERAL_CONVERSION = YES;
				CLANG_WARN_OBJC_ROOT_CLASS = YES_ERROR;
				CLANG_WARN_QUOTED_INCLUDE_IN_FRAMEWORK_HEADER = YES;
				CLANG_WARN_RANGE_LOOP_ANALYSIS = YES;
				CLANG_WARN_STRICT_PROTOTYPES = YES;
				CLANG_WARN_SUSPICIOUS_MOVE = YES;
				CLANG_WARN_UNGUARDED_AVAILABILITY = YES_AGGRESSIVE;
				CLANG_WARN_UNREACHABLE_CODE = YES;
				CLANG_WARN__DUPLICATE_METHOD_MATCH = YES;
				COPY_PHASE_STRIP = NO;
				DEBUG_INFORMATION_FORMAT = "dwarf-with-dsym";
				ENABLE_NS_ASSERTIONS = NO;
				ENABLE_STRICT_OBJC_MSGSEND = YES;
				GCC_C_LANGUAGE_STANDARD = gnu11;
				GCC_NO_COMMON_BLOCKS = YES;
				GCC_WARN_64_TO_32_BIT_CONVERSION = YES;
				GCC_WARN_ABOUT_RETURN_TYPE = YES_ERROR;
				GCC_WARN_UNDECLARED_SELECTOR = YES;
				GCC_WARN_UNINITIALIZED_AUTOS = YES_AGGRESSIVE;
				GCC_WARN_UNUSED_FUNCTION = YES;
				GCC_WARN_UNUSED_VARIABLE = YES;
				IPHONEOS_DEPLOYMENT_TARGET = 14.2;
				MTL_ENABLE_DEBUG_INFO = NO;
				MTL_FAST_MATH = YES;
				SDKROOT = iphoneos;
				SWIFT_COMPILATION_MODE = wholemodule;
				SWIFT_OPTIMIZATION_LEVEL = "-O";
				VALIDATE_PRODUCT = YES;
			};
			name = Release;
		};
		63935CDF2597533C007D87DB /* Debug */ = {
			isa = XCBuildConfiguration;
			buildSettings = {
				ASSETCATALOG_COMPILER_APPICON_NAME = AppIcon;
				ASSETCATALOG_COMPILER_GLOBAL_ACCENT_COLOR_NAME = AccentColor;
				CODE_SIGN_STYLE = Automatic;
				INFOPLIST_FILE = BeerApp/Info.plist;
				LD_RUNPATH_SEARCH_PATHS = (
					"$(inherited)",
					"@executable_path/Frameworks",
				);
				PRODUCT_BUNDLE_IDENTIFIER = Jorge.BeerApp;
				PRODUCT_NAME = "$(TARGET_NAME)";
				SWIFT_VERSION = 5.0;
				TARGETED_DEVICE_FAMILY = "1,2";
			};
			name = Debug;
		};
		63935CE02597533C007D87DB /* Release */ = {
			isa = XCBuildConfiguration;
			buildSettings = {
				ASSETCATALOG_COMPILER_APPICON_NAME = AppIcon;
				ASSETCATALOG_COMPILER_GLOBAL_ACCENT_COLOR_NAME = AccentColor;
				CODE_SIGN_STYLE = Automatic;
				INFOPLIST_FILE = BeerApp/Info.plist;
				LD_RUNPATH_SEARCH_PATHS = (
					"$(inherited)",
					"@executable_path/Frameworks",
				);
				PRODUCT_BUNDLE_IDENTIFIER = Jorge.BeerApp;
				PRODUCT_NAME = "$(TARGET_NAME)";
				SWIFT_VERSION = 5.0;
				TARGETED_DEVICE_FAMILY = "1,2";
			};
			name = Release;
		};
		63935CE22597533C007D87DB /* Debug */ = {
			isa = XCBuildConfiguration;
			buildSettings = {
				ALWAYS_EMBED_SWIFT_STANDARD_LIBRARIES = YES;
				BUNDLE_LOADER = "$(TEST_HOST)";
				CODE_SIGN_STYLE = Automatic;
				INFOPLIST_FILE = BeerAppTests/Info.plist;
				IPHONEOS_DEPLOYMENT_TARGET = 14.2;
				LD_RUNPATH_SEARCH_PATHS = (
					"$(inherited)",
					"@executable_path/Frameworks",
					"@loader_path/Frameworks",
				);
				PRODUCT_BUNDLE_IDENTIFIER = Jorge.BeerAppTests;
				PRODUCT_NAME = "$(TARGET_NAME)";
				SWIFT_VERSION = 5.0;
				TARGETED_DEVICE_FAMILY = "1,2";
				TEST_HOST = "$(BUILT_PRODUCTS_DIR)/BeerApp.app/BeerApp";
			};
			name = Debug;
		};
		63935CE32597533C007D87DB /* Release */ = {
			isa = XCBuildConfiguration;
			buildSettings = {
				ALWAYS_EMBED_SWIFT_STANDARD_LIBRARIES = YES;
				BUNDLE_LOADER = "$(TEST_HOST)";
				CODE_SIGN_STYLE = Automatic;
				INFOPLIST_FILE = BeerAppTests/Info.plist;
				IPHONEOS_DEPLOYMENT_TARGET = 14.2;
				LD_RUNPATH_SEARCH_PATHS = (
					"$(inherited)",
					"@executable_path/Frameworks",
					"@loader_path/Frameworks",
				);
				PRODUCT_BUNDLE_IDENTIFIER = Jorge.BeerAppTests;
				PRODUCT_NAME = "$(TARGET_NAME)";
				SWIFT_VERSION = 5.0;
				TARGETED_DEVICE_FAMILY = "1,2";
				TEST_HOST = "$(BUILT_PRODUCTS_DIR)/BeerApp.app/BeerApp";
			};
			name = Release;
		};
		63935CE52597533C007D87DB /* Debug */ = {
			isa = XCBuildConfiguration;
			buildSettings = {
				ALWAYS_EMBED_SWIFT_STANDARD_LIBRARIES = YES;
				CODE_SIGN_STYLE = Automatic;
				INFOPLIST_FILE = BeerAppUITests/Info.plist;
				LD_RUNPATH_SEARCH_PATHS = (
					"$(inherited)",
					"@executable_path/Frameworks",
					"@loader_path/Frameworks",
				);
				PRODUCT_BUNDLE_IDENTIFIER = Jorge.BeerAppUITests;
				PRODUCT_NAME = "$(TARGET_NAME)";
				SWIFT_VERSION = 5.0;
				TARGETED_DEVICE_FAMILY = "1,2";
				TEST_TARGET_NAME = BeerApp;
			};
			name = Debug;
		};
		63935CE62597533C007D87DB /* Release */ = {
			isa = XCBuildConfiguration;
			buildSettings = {
				ALWAYS_EMBED_SWIFT_STANDARD_LIBRARIES = YES;
				CODE_SIGN_STYLE = Automatic;
				INFOPLIST_FILE = BeerAppUITests/Info.plist;
				LD_RUNPATH_SEARCH_PATHS = (
					"$(inherited)",
					"@executable_path/Frameworks",
					"@loader_path/Frameworks",
				);
				PRODUCT_BUNDLE_IDENTIFIER = Jorge.BeerAppUITests;
				PRODUCT_NAME = "$(TARGET_NAME)";
				SWIFT_VERSION = 5.0;
				TARGETED_DEVICE_FAMILY = "1,2";
				TEST_TARGET_NAME = BeerApp;
			};
			name = Release;
		};
/* End XCBuildConfiguration section */

/* Begin XCConfigurationList section */
		63935CAF2597533B007D87DB /* Build configuration list for PBXProject "BeerApp" */ = {
			isa = XCConfigurationList;
			buildConfigurations = (
				63935CDC2597533C007D87DB /* Debug */,
				63935CDD2597533C007D87DB /* Release */,
			);
			defaultConfigurationIsVisible = 0;
			defaultConfigurationName = Release;
		};
		63935CDE2597533C007D87DB /* Build configuration list for PBXNativeTarget "BeerApp" */ = {
			isa = XCConfigurationList;
			buildConfigurations = (
				63935CDF2597533C007D87DB /* Debug */,
				63935CE02597533C007D87DB /* Release */,
			);
			defaultConfigurationIsVisible = 0;
			defaultConfigurationName = Release;
		};
		63935CE12597533C007D87DB /* Build configuration list for PBXNativeTarget "BeerAppTests" */ = {
			isa = XCConfigurationList;
			buildConfigurations = (
				63935CE22597533C007D87DB /* Debug */,
				63935CE32597533C007D87DB /* Release */,
			);
			defaultConfigurationIsVisible = 0;
			defaultConfigurationName = Release;
		};
		63935CE42597533C007D87DB /* Build configuration list for PBXNativeTarget "BeerAppUITests" */ = {
			isa = XCConfigurationList;
			buildConfigurations = (
				63935CE52597533C007D87DB /* Debug */,
				63935CE62597533C007D87DB /* Release */,
			);
			defaultConfigurationIsVisible = 0;
			defaultConfigurationName = Release;
		};
/* End XCConfigurationList section */
	};
	rootObject = 63935CAC2597533B007D87DB /* Project object */;
}
